
Microsoft Visual Studio Solution File, Format Version 12.00
# Visual Studio Version 17
VisualStudioVersion = 17.11.35327.3
MinimumVisualStudioVersion = 10.0.40219.1
Project("{F184B08F-C81C-45F6-A57F-5ABD9991F28F}") = "POS_System", "POS_System.vbproj", "{F0CEC7B8-6134-49F7-9548-78672018A4C1}"
EndProject
Project("{54435603-DBB4-11D2-8724-00A0C9A8B90C}") = "POS_System Installer", "..\POS_System Installer\POS_System Installer.vdproj", "{1B346A6C-A86D-4E2D-915F-17B3D6EEF3E2}"
EndProject
Global
	GlobalSection(SolutionConfigurationPlatforms) = preSolution
		Debug|Any CPU = Debug|Any CPU
		Release|Any CPU = Release|Any CPU
	EndGlobalSection
	GlobalSection(ProjectConfigurationPlatforms) = postSolution
		{F0CEC7B8-6134-49F7-9548-78672018A4C1}.Debug|Any CPU.ActiveCfg = Debug|Any CPU
		{F0CEC7B8-6134-49F7-9548-78672018A4C1}.Debug|Any CPU.Build.0 = Debug|Any CPU
		{F0CEC7B8-6134-49F7-9548-78672018A4C1}.Release|Any CPU.ActiveCfg = Release|Any CPU
		{F0CEC7B8-6134-49F7-9548-78672018A4C1}.Release|Any CPU.Build.0 = Release|Any CPU
		{1B346A6C-A86D-4E2D-915F-17B3D6EEF3E2}.Debug|Any CPU.ActiveCfg = Debug
		{1B346A6C-A86D-4E2D-915F-17B3D6EEF3E2}.Release|Any CPU.ActiveCfg = Release
	EndGlobalSection
	GlobalSection(SolutionProperties) = preSolution
		HideSolutionNode = FALSE
	EndGlobalSection
	GlobalSection(ExtensibilityGlobals) = postSolution
		SolutionGuid = {9EC98650-DC2D-4A23-8CDB-BE23D6B47161}
	EndGlobalSection
EndGlobal
